
Microsoft Visual Studio Solution File, Format Version 12.00
# Visual Studio Version 17
VisualStudioVersion = 17.8.34330.188
MinimumVisualStudioVersion = 10.0.40219.1
Project("{9A19103F-16F7-4668-BE54-9A1E7A4F7556}") = "Sales.Share", "Sales.Share\Sales.Share.csproj", "{23B97AE2-CC0B-473F-97D8-E4BE27435BB7}"
EndProject
Project("{9A19103F-16F7-4668-BE54-9A1E7A4F7556}") = "Sales.API", "Sales.API\Sales.API.csproj", "{5498090A-40F3-4AC2-ABDE-2C4ADF67F01E}"
EndProject
Project("{9A19103F-16F7-4668-BE54-9A1E7A4F7556}") = "Sales.Mobile", "Sales.Mobile\Sales.Mobile.csproj", "{4ECA4545-B584-4904-9FED-BB907A65E3F7}"
EndProject
Project("{FAE04EC0-301F-11D3-BF4B-00C04F79EFBC}") = "Sales.WEB", "Sales.WEBAPP\Sales.WEB.csproj", "{3A90C4CA-94D2-421A-8F4F-DD6210DEC4E9}"
EndProject
Global
	GlobalSection(SolutionConfigurationPlatforms) = preSolution
		Debug|Any CPU = Debug|Any CPU
		Release|Any CPU = Release|Any CPU
	EndGlobalSection
	GlobalSection(ProjectConfigurationPlatforms) = postSolution
		{23B97AE2-CC0B-473F-97D8-E4BE27435BB7}.Debug|Any CPU.ActiveCfg = Debug|Any CPU
		{23B97AE2-CC0B-473F-97D8-E4BE27435BB7}.Debug|Any CPU.Build.0 = Debug|Any CPU
		{23B97AE2-CC0B-473F-97D8-E4BE27435BB7}.Release|Any CPU.ActiveCfg = Release|Any CPU
		{23B97AE2-CC0B-473F-97D8-E4BE27435BB7}.Release|Any CPU.Build.0 = Release|Any CPU
		{5498090A-40F3-4AC2-ABDE-2C4ADF67F01E}.Debug|Any CPU.ActiveCfg = Debug|Any CPU
		{5498090A-40F3-4AC2-ABDE-2C4ADF67F01E}.Debug|Any CPU.Build.0 = Debug|Any CPU
		{5498090A-40F3-4AC2-ABDE-2C4ADF67F01E}.Release|Any CPU.ActiveCfg = Release|Any CPU
		{5498090A-40F3-4AC2-ABDE-2C4ADF67F01E}.Release|Any CPU.Build.0 = Release|Any CPU
		{4ECA4545-B584-4904-9FED-BB907A65E3F7}.Debug|Any CPU.ActiveCfg = Debug|Any CPU
		{4ECA4545-B584-4904-9FED-BB907A65E3F7}.Debug|Any CPU.Build.0 = Debug|Any CPU
		{4ECA4545-B584-4904-9FED-BB907A65E3F7}.Debug|Any CPU.Deploy.0 = Debug|Any CPU
		{4ECA4545-B584-4904-9FED-BB907A65E3F7}.Release|Any CPU.ActiveCfg = Release|Any CPU
		{4ECA4545-B584-4904-9FED-BB907A65E3F7}.Release|Any CPU.Build.0 = Release|Any CPU
		{4ECA4545-B584-4904-9FED-BB907A65E3F7}.Release|Any CPU.Deploy.0 = Release|Any CPU
		{3A90C4CA-94D2-421A-8F4F-DD6210DEC4E9}.Debug|Any CPU.ActiveCfg = Debug|Any CPU
		{3A90C4CA-94D2-421A-8F4F-DD6210DEC4E9}.Debug|Any CPU.Build.0 = Debug|Any CPU
		{3A90C4CA-94D2-421A-8F4F-DD6210DEC4E9}.Release|Any CPU.ActiveCfg = Release|Any CPU
		{3A90C4CA-94D2-421A-8F4F-DD6210DEC4E9}.Release|Any CPU.Build.0 = Release|Any CPU
	EndGlobalSection
	GlobalSection(SolutionProperties) = preSolution
		HideSolutionNode = FALSE
	EndGlobalSection
	GlobalSection(ExtensibilityGlobals) = postSolution
		SolutionGuid = {F2DF72BD-1905-4D77-ADE2-B5647FDE73A6}
	EndGlobalSection
EndGlobal
